
Microsoft Visual Studio Solution File, Format Version 12.00
# Visual Studio Version 17
VisualStudioVersion = 17.6.33801.468
MinimumVisualStudioVersion = 10.0.40219.1
Project("{FAE04EC0-301F-11D3-BF4B-00C04F79EFBC}") = "Enderun", "Enderun.csproj", "{D847FFC9-0B3A-40F6-8E8E-537E927EA8AF}"
EndProject
Global
	GlobalSection(SolutionConfigurationPlatforms) = preSolution
		Debug|Any CPU = Debug|Any CPU
		Release|Any CPU = Release|Any CPU
	EndGlobalSection
	GlobalSection(ProjectConfigurationPlatforms) = postSolution
		{D847FFC9-0B3A-40F6-8E8E-537E927EA8AF}.Debug|Any CPU.ActiveCfg = Debug|Any CPU
		{D847FFC9-0B3A-40F6-8E8E-537E927EA8AF}.Debug|Any CPU.Build.0 = Debug|Any CPU
		{D847FFC9-0B3A-40F6-8E8E-537E927EA8AF}.Release|Any CPU.ActiveCfg = Release|Any CPU
		{D847FFC9-0B3A-40F6-8E8E-537E927EA8AF}.Release|Any CPU.Build.0 = Release|Any CPU
	EndGlobalSection
	GlobalSection(SolutionProperties) = preSolution
		HideSolutionNode = FALSE
	EndGlobalSection
	GlobalSection(ExtensibilityGlobals) = postSolution
		SolutionGuid = {7C05E189-211F-4E1F-86F2-7E5EB488B429}
	EndGlobalSection
EndGlobal
